PODS:
  - EnablexWebRTC (1.0.1)
  - Enx_UIKit_iOS (2.0.0):
    - EnxRTCiOS
  - EnxRTCiOS (2.3.81):
    - EnablexWebRTC (= 1.0.1)
  - ReachabilitySwift (5.0.0)
  - Socket.IO-Client-Swift (15.2.0):
    - Starscream (~> 3.1)
  - Starscream (3.1.1)

DEPENDENCIES:
  - Enx_UIKit_iOS (= 2.0.0)
  - ReachabilitySwift
  - Socket.IO-Client-Swift (~> 15.2.0)

SPEC REPOS:
  trunk:
    - EnablexWebRTC
    - Enx_UIKit_iOS
    - EnxRTCiOS
    - ReachabilitySwift
    - Socket.IO-Client-Swift
    - Starscream

SPEC CHECKSUMS:
  EnablexWebRTC: da8b1aea1af4ef81885d90515a81a871ae54292c
  Enx_UIKit_iOS: 76b39af144a4a4775b52ef5d7a25469536f0120c
  EnxRTCiOS: 5907927f592cc0f711b692060641961d76ba833c
  ReachabilitySwift: 985039c6f7b23a1da463388634119492ff86c825
  Socket.IO-Client-Swift: 1e3e3a1f09f3312a167f0d781eb2f383d477357c
  Starscream: 4bb2f9942274833f7b4d296a55504dcfc7edb7b0

PODFILE CHECKSUM: 888589036449cc46cdc1ab959850541d362f5e03

COCOAPODS: 1.12.1
