// !$*UTF8*$!
{
	archiveVersion = 1;
	classes = {
	};
	objectVersion = 55;
	objects = {

/* Begin PBXBuildFile section */
		9073682B1EC2876E5310B02F /* Pods_DemoApp.framework in Frameworks */ = {isa = PBXBuildFile; fileRef = 50504BB18F071F8018B8B86C /* Pods_DemoApp.framework */; };
		BD170D5E28633D350058366B /* VCXConfrenceRoomViewController.swift in Sources */ = {isa = PBXBuildFile; fileRef = BD170D5D28633D350058366B /* VCXConfrenceRoomViewController.swift */; };
		BD170D64286341170058366B /* VCXNetworkManager.swift in Sources */ = {isa = PBXBuildFile; fileRef = BD170D63286341170058366B /* VCXNetworkManager.swift */; };
		BD170D66286341240058366B /* VCXRoomInfoModel.swift in Sources */ = {isa = PBXBuildFile; fileRef = BD170D65286341240058366B /* VCXRoomInfoModel.swift */; };
		BD170D68286341300058366B /* VCXServicesClass.swift in Sources */ = {isa = PBXBuildFile; fileRef = BD170D67286341300058366B /* VCXServicesClass.swift */; };
		BD170D6A2863413C0058366B /* VCXConstant.swift in Sources */ = {isa = PBXBuildFile; fileRef = BD170D692863413C0058366B /* VCXConstant.swift */; };
		BD6D74A22822900100ACE040 /* AppDelegate.swift in Sources */ = {isa = PBXBuildFile; fileRef = BD6D74A12822900100ACE040 /* AppDelegate.swift */; };
		BD6D74A42822900100ACE040 /* SceneDelegate.swift in Sources */ = {isa = PBXBuildFile; fileRef = BD6D74A32822900100ACE040 /* SceneDelegate.swift */; };
		BD6D74A62822900100ACE040 /* ViewController.swift in Sources */ = {isa = PBXBuildFile; fileRef = BD6D74A52822900100ACE040 /* ViewController.swift */; };
		BD6D74A92822900100ACE040 /* Main.storyboard in Resources */ = {isa = PBXBuildFile; fileRef = BD6D74A72822900100ACE040 /* Main.storyboard */; };
		BD6D74AB2822900400ACE040 /* Assets.xcassets in Resources */ = {isa = PBXBuildFile; fileRef = BD6D74AA2822900400ACE040 /* Assets.xcassets */; };
		BD6D74AE2822900400ACE040 /* LaunchScreen.storyboard in Resources */ = {isa = PBXBuildFile; fileRef = BD6D74AC2822900400ACE040 /* LaunchScreen.storyboard */; };
		BDF715252E3B49C500C199DA /* Enx_UIKit_iOS in Frameworks */ = {isa = PBXBuildFile; productRef = BDF715242E3B49C500C199DA /* Enx_UIKit_iOS */; };
/* End PBXBuildFile section */

/* Begin PBXFileReference section */
		091F04980F71F7D4D1B33462 /* Pods-DemoApp.debug.xcconfig */ = {isa = PBXFileReference; includeInIndex = 1; lastKnownFileType = text.xcconfig; name = "Pods-DemoApp.debug.xcconfig"; path = "Target Support Files/Pods-DemoApp/Pods-DemoApp.debug.xcconfig"; sourceTree = "<group>"; };
		50504BB18F071F8018B8B86C /* Pods_DemoApp.framework */ = {isa = PBXFileReference; explicitFileType = wrapper.framework; includeInIndex = 0; path = Pods_DemoApp.framework; sourceTree = BUILT_PRODUCTS_DIR; };
		BD170D5D28633D350058366B /* VCXConfrenceRoomViewController.swift */ = {isa = PBXFileReference; fileEncoding = 4; lastKnownFileType = sourcecode.swift; path = VCXConfrenceRoomViewController.swift; sourceTree = "<group>"; };
		BD170D63286341170058366B /* VCXNetworkManager.swift */ = {isa = PBXFileReference; fileEncoding = 4; lastKnownFileType = sourcecode.swift; path = VCXNetworkManager.swift; sourceTree = "<group>"; };
		BD170D65286341240058366B /* VCXRoomInfoModel.swift */ = {isa = PBXFileReference; fileEncoding = 4; lastKnownFileType = sourcecode.swift; path = VCXRoomInfoModel.swift; sourceTree = "<group>"; };
		BD170D67286341300058366B /* VCXServicesClass.swift */ = {isa = PBXFileReference; fileEncoding = 4; lastKnownFileType = sourcecode.swift; path = VCXServicesClass.swift; sourceTree = "<group>"; };
		BD170D692863413C0058366B /* VCXConstant.swift */ = {isa = PBXFileReference; fileEncoding = 4; lastKnownFileType = sourcecode.swift; path = VCXConstant.swift; sourceTree = "<group>"; };
		BD6D749E2822900100ACE040 /* DemoApp.app */ = {isa = PBXFileReference; explicitFileType = wrapper.application; includeInIndex = 0; path = DemoApp.app; sourceTree = BUILT_PRODUCTS_DIR; };
		BD6D74A12822900100ACE040 /* AppDelegate.swift */ = {isa = PBXFileReference; lastKnownFileType = sourcecode.swift; path = AppDelegate.swift; sourceTree = "<group>"; };
		BD6D74A32822900100ACE040 /* SceneDelegate.swift */ = {isa = PBXFileReference; lastKnownFileType = sourcecode.swift; path = SceneDelegate.swift; sourceTree = "<group>"; };
		BD6D74A52822900100ACE040 /* ViewController.swift */ = {isa = PBXFileReference; lastKnownFileType = sourcecode.swift; path = ViewController.swift; sourceTree = "<group>"; };
		BD6D74A82822900100ACE040 /* Base */ = {isa = PBXFileReference; lastKnownFileType = file.storyboard; name = Base; path = Base.lproj/Main.storyboard; sourceTree = "<group>"; };
		BD6D74AA2822900400ACE040 /* Assets.xcassets */ = {isa = PBXFileReference; lastKnownFileType = folder.assetcatalog; path = Assets.xcassets; sourceTree = "<group>"; };
		BD6D74AD2822900400ACE040 /* Base */ = {isa = PBXFileReference; lastKnownFileType = file.storyboard; name = Base; path = Base.lproj/LaunchScreen.storyboard; sourceTree = "<group>"; };
		BD6D74AF2822900400ACE040 /* Info.plist */ = {isa = PBXFileReference; lastKnownFileType = text.plist.xml; path = Info.plist; sourceTree = "<group>"; };
		F4B26289410F712BE2A18524 /* Pods-DemoApp.release.xcconfig */ = {isa = PBXFileReference; includeInIndex = 1; lastKnownFileType = text.xcconfig; name = "Pods-DemoApp.release.xcconfig"; path = "Target Support Files/Pods-DemoApp/Pods-DemoApp.release.xcconfig"; sourceTree = "<group>"; };
/* End PBXFileReference section */

/* Begin PBXFrameworksBuildPhase section */
		BD6D749B2822900100ACE040 /* Frameworks */ = {
			isa = PBXFrameworksBuildPhase;
			buildActionMask = 2147483647;
			files = (
				9073682B1EC2876E5310B02F /* Pods_DemoApp.framework in Frameworks */,
				BDF715252E3B49C500C199DA /* Enx_UIKit_iOS in Frameworks */,
			);
			runOnlyForDeploymentPostprocessing = 0;
		};
/* End PBXFrameworksBuildPhase section */

/* Begin PBXGroup section */
		550AB13E1705038302FCAAF1 /* Pods */ = {
			isa = PBXGroup;
			children = (
				091F04980F71F7D4D1B33462 /* Pods-DemoApp.debug.xcconfig */,
				F4B26289410F712BE2A18524 /* Pods-DemoApp.release.xcconfig */,
			);
			path = Pods;
			sourceTree = "<group>";
		};
		B16E800517CFDF4BAC1F7865 /* Frameworks */ = {
			isa = PBXGroup;
			children = (
				50504BB18F071F8018B8B86C /* Pods_DemoApp.framework */,
			);
			name = Frameworks;
			sourceTree = "<group>";
		};
		BD170D5F286340CD0058366B /* ModelClass */ = {
			isa = PBXGroup;
			children = (
				BD170D65286341240058366B /* VCXRoomInfoModel.swift */,
			);
			path = ModelClass;
			sourceTree = "<group>";
		};
		BD170D60286340E00058366B /* Rechability */ = {
			isa = PBXGroup;
			children = (
				BD170D63286341170058366B /* VCXNetworkManager.swift */,
			);
			path = Rechability;
			sourceTree = "<group>";
		};
		BD170D61286340EE0058366B /* ServiceClass */ = {
			isa = PBXGroup;
			children = (
				BD170D67286341300058366B /* VCXServicesClass.swift */,
			);
			path = ServiceClass;
			sourceTree = "<group>";
		};
		BD170D62286340FA0058366B /* VCXHeader */ = {
			isa = PBXGroup;
			children = (
				BD170D692863413C0058366B /* VCXConstant.swift */,
			);
			path = VCXHeader;
			sourceTree = "<group>";
		};
		BD6D74952822900100ACE040 = {
			isa = PBXGroup;
			children = (
				BD6D74A02822900100ACE040 /* DemoApp */,
				BD6D749F2822900100ACE040 /* Products */,
				550AB13E1705038302FCAAF1 /* Pods */,
				B16E800517CFDF4BAC1F7865 /* Frameworks */,
			);
			sourceTree = "<group>";
		};
		BD6D749F2822900100ACE040 /* Products */ = {
			isa = PBXGroup;
			children = (
				BD6D749E2822900100ACE040 /* DemoApp.app */,
			);
			name = Products;
			sourceTree = "<group>";
		};
		BD6D74A02822900100ACE040 /* DemoApp */ = {
			isa = PBXGroup;
			children = (
				BD170D62286340FA0058366B /* VCXHeader */,
				BD170D61286340EE0058366B /* ServiceClass */,
				BD170D60286340E00058366B /* Rechability */,
				BD170D5F286340CD0058366B /* ModelClass */,
				BD6D74A12822900100ACE040 /* AppDelegate.swift */,
				BD6D74A32822900100ACE040 /* SceneDelegate.swift */,
				BD6D74A52822900100ACE040 /* ViewController.swift */,
				BD170D5D28633D350058366B /* VCXConfrenceRoomViewController.swift */,
				BD6D74A72822900100ACE040 /* Main.storyboard */,
				BD6D74AA2822900400ACE040 /* Assets.xcassets */,
				BD6D74AC2822900400ACE040 /* LaunchScreen.storyboard */,
				BD6D74AF2822900400ACE040 /* Info.plist */,
			);
			path = DemoApp;
			sourceTree = "<group>";
		};
/* End PBXGroup section */

/* Begin PBXNativeTarget section */
		BD6D749D2822900100ACE040 /* DemoApp */ = {
			isa = PBXNativeTarget;
			buildConfigurationList = BD6D74B22822900400ACE040 /* Build configuration list for PBXNativeTarget "DemoApp" */;
			buildPhases = (
				B6418C3ED3D82F427C879B8A /* [CP] Check Pods Manifest.lock */,
				BD6D749A2822900100ACE040 /* Sources */,
				BD6D749B2822900100ACE040 /* Frameworks */,
				BD6D749C2822900100ACE040 /* Resources */,
				13C37AA9693A5E977D5A85C0 /* [CP] Embed Pods Frameworks */,
			);
			buildRules = (
			);
			dependencies = (
			);
			name = DemoApp;
			productName = DemoApp;
			productReference = BD6D749E2822900100ACE040 /* DemoApp.app */;
			productType = "com.apple.product-type.application";
		};
/* End PBXNativeTarget section */

/* Begin PBXProject section */
		BD6D74962822900100ACE040 /* Project object */ = {
			isa = PBXProject;
			attributes = {
				BuildIndependentTargetsInParallel = 1;
				LastSwiftUpdateCheck = 1320;
				LastUpgradeCheck = 1640;
				TargetAttributes = {
					BD6D749D2822900100ACE040 = {
						CreatedOnToolsVersion = 13.2.1;
					};
				};
			};
			buildConfigurationList = BD6D74992822900100ACE040 /* Build configuration list for PBXProject "DemoApp" */;
			compatibilityVersion = "Xcode 13.0";
			developmentRegion = en;
			hasScannedForEncodings = 0;
			knownRegions = (
				en,
				Base,
			);
			mainGroup = BD6D74952822900100ACE040;
			packageReferences = (
				BDF715232E3B49C500C199DA /* XCRemoteSwiftPackageReference "Enx_UIKit_iOS" */,
			);
			productRefGroup = BD6D749F2822900100ACE040 /* Products */;
			projectDirPath = "";
			projectRoot = "";
			targets = (
				BD6D749D2822900100ACE040 /* DemoApp */,
			);
		};
/* End PBXProject section */

/* Begin PBXResourcesBuildPhase section */
		BD6D749C2822900100ACE040 /* Resources */ = {
			isa = PBXResourcesBuildPhase;
			buildActionMask = 2147483647;
			files = (
				BD6D74AE2822900400ACE040 /* LaunchScreen.storyboard in Resources */,
				BD6D74AB2822900400ACE040 /* Assets.xcassets in Resources */,
				BD6D74A92822900100ACE040 /* Main.storyboard in Resources */,
			);
			runOnlyForDeploymentPostprocessing = 0;
		};
/* End PBXResourcesBuildPhase section */

/* Begin PBXShellScriptBuildPhase section */
		13C37AA9693A5E977D5A85C0 /* [CP] Embed Pods Frameworks */ = {
			isa = PBXShellScriptBuildPhase;
			buildActionMask = 2147483647;
			files = (
			);
			inputFileListPaths = (
				"${PODS_ROOT}/Target Support Files/Pods-DemoApp/Pods-DemoApp-frameworks-${CONFIGURATION}-input-files.xcfilelist",
			);
			inputPaths = (
			);
			name = "[CP] Embed Pods Frameworks";
			outputFileListPaths = (
				"${PODS_ROOT}/Target Support Files/Pods-DemoApp/Pods-DemoApp-frameworks-${CONFIGURATION}-output-files.xcfilelist",
			);
			outputPaths = (
			);
			runOnlyForDeploymentPostprocessing = 0;
			shellPath = /bin/sh;
			shellScript = "\"${PODS_ROOT}/Target Support Files/Pods-DemoApp/Pods-DemoApp-frameworks.sh\"\n";
			showEnvVarsInLog = 0;
		};
		B6418C3ED3D82F427C879B8A /* [CP] Check Pods Manifest.lock */ = {
			isa = PBXShellScriptBuildPhase;
			buildActionMask = 2147483647;
			files = (
			);
			inputFileListPaths = (
			);
			inputPaths = (
				"${PODS_PODFILE_DIR_PATH}/Podfile.lock",
				"${PODS_ROOT}/Manifest.lock",
			);
			name = "[CP] Check Pods Manifest.lock";
			outputFileListPaths = (
			);
			outputPaths = (
				"$(DERIVED_FILE_DIR)/Pods-DemoApp-checkManifestLockResult.txt",
			);
			runOnlyForDeploymentPostprocessing = 0;
			shellPath = /bin/sh;
			shellScript = "diff \"${PODS_PODFILE_DIR_PATH}/Podfile.lock\" \"${PODS_ROOT}/Manifest.lock\" > /dev/null\nif [ $? != 0 ] ; then\n    # print error to STDERR\n    echo \"error: The sandbox is not in sync with the Podfile.lock. Run 'pod install' or update your CocoaPods installation.\" >&2\n    exit 1\nfi\n# This output is used by Xcode 'outputs' to avoid re-running this script phase.\necho \"SUCCESS\" > \"${SCRIPT_OUTPUT_FILE_0}\"\n";
			showEnvVarsInLog = 0;
		};
/* End PBXShellScriptBuildPhase section */

/* Begin PBXSourcesBuildPhase section */
		BD6D749A2822900100ACE040 /* Sources */ = {
			isa = PBXSourcesBuildPhase;
			buildActionMask = 2147483647;
			files = (
				BD170D66286341240058366B /* VCXRoomInfoModel.swift in Sources */,
				BD6D74A62822900100ACE040 /* ViewController.swift in Sources */,
				BD6D74A22822900100ACE040 /* AppDelegate.swift in Sources */,
				BD6D74A42822900100ACE040 /* SceneDelegate.swift in Sources */,
				BD170D68286341300058366B /* VCXServicesClass.swift in Sources */,
				BD170D64286341170058366B /* VCXNetworkManager.swift in Sources */,
				BD170D5E28633D350058366B /* VCXConfrenceRoomViewController.swift in Sources */,
				BD170D6A2863413C0058366B /* VCXConstant.swift in Sources */,
			);
			runOnlyForDeploymentPostprocessing = 0;
		};
/* End PBXSourcesBuildPhase section */

/* Begin PBXVariantGroup section */
		BD6D74A72822900100ACE040 /* Main.storyboard */ = {
			isa = PBXVariantGroup;
			children = (
				BD6D74A82822900100ACE040 /* Base */,
			);
			name = Main.storyboard;
			sourceTree = "<group>";
		};
		BD6D74AC2822900400ACE040 /* LaunchScreen.storyboard */ = {
			isa = PBXVariantGroup;
			children = (
				BD6D74AD2822900400ACE040 /* Base */,
			);
			name = LaunchScreen.storyboard;
			sourceTree = "<group>";
		};
/* End PBXVariantGroup section */

/* Begin XCBuildConfiguration section */
		BD6D74B02822900400ACE040 /* Debug */ = {
			isa = XCBuildConfiguration;
			buildSettings = {
				ALWAYS_SEARCH_USER_PATHS = NO;
				CLANG_ANALYZER_NONNULL = YES;
				CLANG_ANALYZER_NUMBER_OBJECT_CONVERSION = YES_AGGRESSIVE;
				CLANG_CXX_LANGUAGE_STANDARD = "gnu++17";
				CLANG_CXX_LIBRARY = "libc++";
				CLANG_ENABLE_MODULES = YES;
				CLANG_ENABLE_OBJC_ARC = YES;
				CLANG_ENABLE_OBJC_WEAK = YES;
				CLANG_WARN_BLOCK_CAPTURE_AUTORELEASING = YES;
				CLANG_WARN_BOOL_CONVERSION = YES;
				CLANG_WARN_COMMA = YES;
				CLANG_WARN_CONSTANT_CONVERSION = YES;
				CLANG_WARN_DEPRECATED_OBJC_IMPLEMENTATIONS = YES;
				CLANG_WARN_DIRECT_OBJC_ISA_USAGE = YES_ERROR;
				CLANG_WARN_DOCUMENTATION_COMMENTS = YES;
				CLANG_WARN_EMPTY_BODY = YES;
				CLANG_WARN_ENUM_CONVERSION = YES;
				CLANG_WARN_INFINITE_RECURSION = YES;
				CLANG_WARN_INT_CONVERSION = YES;
				CLANG_WARN_NON_LITERAL_NULL_CONVERSION = YES;
				CLANG_WARN_OBJC_IMPLICIT_RETAIN_SELF = YES;
				CLANG_WARN_OBJC_LITERAL_CONVERSION = YES;
				CLANG_WARN_OBJC_ROOT_CLASS = YES_ERROR;
				CLANG_WARN_QUOTED_INCLUDE_IN_FRAMEWORK_HEADER = YES;
				CLANG_WARN_RANGE_LOOP_ANALYSIS = YES;
				CLANG_WARN_STRICT_PROTOTYPES = YES;
				CLANG_WARN_SUSPICIOUS_MOVE = YES;
				CLANG_WARN_UNGUARDED_AVAILABILITY = YES_AGGRESSIVE;
				CLANG_WARN_UNREACHABLE_CODE = YES;
				CLANG_WARN__DUPLICATE_METHOD_MATCH = YES;
				COPY_PHASE_STRIP = NO;
				DEBUG_INFORMATION_FORMAT = dwarf;
				DEVELOPMENT_TEAM = BH56368Y47;
				ENABLE_STRICT_OBJC_MSGSEND = YES;
				ENABLE_TESTABILITY = YES;
				ENABLE_USER_SCRIPT_SANDBOXING = NO;
				GCC_C_LANGUAGE_STANDARD = gnu11;
				GCC_DYNAMIC_NO_PIC = NO;
				GCC_NO_COMMON_BLOCKS = YES;
				GCC_OPTIMIZATION_LEVEL = 0;
				GCC_PREPROCESSOR_DEFINITIONS = (
					"DEBUG=1",
					"$(inherited)",
				);
				GCC_WARN_64_TO_32_BIT_CONVERSION = YES;
				GCC_WARN_ABOUT_RETURN_TYPE = YES_ERROR;
				GCC_WARN_UNDECLARED_SELECTOR = YES;
				GCC_WARN_UNINITIALIZED_AUTOS = YES_AGGRESSIVE;
				GCC_WARN_UNUSED_FUNCTION = YES;
				GCC_WARN_UNUSED_VARIABLE = YES;
				IPHONEOS_DEPLOYMENT_TARGET = 15.0;
				MTL_ENABLE_DEBUG_INFO = INCLUDE_SOURCE;
				MTL_FAST_MATH = YES;
				ONLY_ACTIVE_ARCH = YES;
				SDKROOT = iphoneos;
				SWIFT_ACTIVE_COMPILATION_CONDITIONS = DEBUG;
				SWIFT_OPTIMIZATION_LEVEL = "-Onone";
			};
			name = Debug;
		};
		BD6D74B12822900400ACE040 /* Release */ = {
			isa = XCBuildConfiguration;
			buildSettings = {
				ALWAYS_SEARCH_USER_PATHS = NO;
				CLANG_ANALYZER_NONNULL = YES;
				CLANG_ANALYZER_NUMBER_OBJECT_CONVERSION = YES_AGGRESSIVE;
				CLANG_CXX_LANGUAGE_STANDARD = "gnu++17";
				CLANG_CXX_LIBRARY = "libc++";
				CLANG_ENABLE_MODULES = YES;
				CLANG_ENABLE_OBJC_ARC = YES;
				CLANG_ENABLE_OBJC_WEAK = YES;
				CLANG_WARN_BLOCK_CAPTURE_AUTORELEASING = YES;
				CLANG_WARN_BOOL_CONVERSION = YES;
				CLANG_WARN_COMMA = YES;
				CLANG_WARN_CONSTANT_CONVERSION = YES;
				CLANG_WARN_DEPRECATED_OBJC_IMPLEMENTATIONS = YES;
				CLANG_WARN_DIRECT_OBJC_ISA_USAGE = YES_ERROR;
				CLANG_WARN_DOCUMENTATION_COMMENTS = YES;
				CLANG_WARN_EMPTY_BODY = YES;
				CLANG_WARN_ENUM_CONVERSION = YES;
				CLANG_WARN_INFINITE_RECURSION = YES;
				CLANG_WARN_INT_CONVERSION = YES;
				CLANG_WARN_NON_LITERAL_NULL_CONVERSION = YES;
				CLANG_WARN_OBJC_IMPLICIT_RETAIN_SELF = YES;
				CLANG_WARN_OBJC_LITERAL_CONVERSION = YES;
				CLANG_WARN_OBJC_ROOT_CLASS = YES_ERROR;
				CLANG_WARN_QUOTED_INCLUDE_IN_FRAMEWORK_HEADER = YES;
				CLANG_WARN_RANGE_LOOP_ANALYSIS = YES;
				CLANG_WARN_STRICT_PROTOTYPES = YES;
				CLANG_WARN_SUSPICIOUS_MOVE = YES;
				CLANG_WARN_UNGUARDED_AVAILABILITY = YES_AGGRESSIVE;
				CLANG_WARN_UNREACHABLE_CODE = YES;
				CLANG_WARN__DUPLICATE_METHOD_MATCH = YES;
				COPY_PHASE_STRIP = NO;
				DEBUG_INFORMATION_FORMAT = "dwarf-with-dsym";
				DEVELOPMENT_TEAM = BH56368Y47;
				ENABLE_NS_ASSERTIONS = NO;
				ENABLE_STRICT_OBJC_MSGSEND = YES;
				ENABLE_USER_SCRIPT_SANDBOXING = NO;
				GCC_C_LANGUAGE_STANDARD = gnu11;
				GCC_NO_COMMON_BLOCKS = YES;
				GCC_WARN_64_TO_32_BIT_CONVERSION = YES;
				GCC_WARN_ABOUT_RETURN_TYPE = YES_ERROR;
				GCC_WARN_UNDECLARED_SELECTOR = YES;
				GCC_WARN_UNINITIALIZED_AUTOS = YES_AGGRESSIVE;
				GCC_WARN_UNUSED_FUNCTION = YES;
				GCC_WARN_UNUSED_VARIABLE = YES;
				IPHONEOS_DEPLOYMENT_TARGET = 15.0;
				MTL_ENABLE_DEBUG_INFO = NO;
				MTL_FAST_MATH = YES;
				SDKROOT = iphoneos;
				SWIFT_COMPILATION_MODE = wholemodule;
				SWIFT_OPTIMIZATION_LEVEL = "-O";
				VALIDATE_PRODUCT = YES;
			};
			name = Release;
		};
		BD6D74B32822900400ACE040 /* Debug */ = {
			isa = XCBuildConfiguration;
			baseConfigurationReference = 091F04980F71F7D4D1B33462 /* Pods-DemoApp.debug.xcconfig */;
			buildSettings = {
				ASSETCATALOG_COMPILER_APPICON_NAME = AppIcon;
				ASSETCATALOG_COMPILER_GLOBAL_ACCENT_COLOR_NAME = AccentColor;
				CODE_SIGN_STYLE = Automatic;
				CURRENT_PROJECT_VERSION = 1;
				ENABLE_BITCODE = NO;
				GENERATE_INFOPLIST_FILE = YES;
				INFOPLIST_FILE = DemoApp/Info.plist;
				INFOPLIST_KEY_UIApplicationSupportsIndirectInputEvents = YES;
				INFOPLIST_KEY_UILaunchStoryboardName = LaunchScreen;
				INFOPLIST_KEY_UIMainStoryboardFile = Main;
				INFOPLIST_KEY_UISupportedInterfaceOrientations_iPad = "UIInterfaceOrientationPortrait UIInterfaceOrientationPortraitUpsideDown UIInterfaceOrientationLandscapeLeft UIInterfaceOrientationLandscapeRight";
				INFOPLIST_KEY_UISupportedInterfaceOrientations_iPhone = "UIInterfaceOrientationPortrait UIInterfaceOrientationLandscapeLeft UIInterfaceOrientationLandscapeRight";
				IPHONEOS_DEPLOYMENT_TARGET = 15.0;
				LD_RUNPATH_SEARCH_PATHS = (
					"$(inherited)",
					"@executable_path/Frameworks",
				);
				MARKETING_VERSION = 1.0;
				PRODUCT_BUNDLE_IDENTIFIER = com.enx.DemoApp.DemoApp;
				PRODUCT_NAME = "$(TARGET_NAME)";
				SWIFT_EMIT_LOC_STRINGS = YES;
				SWIFT_VERSION = 5.0;
				TARGETED_DEVICE_FAMILY = "1,2";
			};
			name = Debug;
		};
		BD6D74B42822900400ACE040 /* Release */ = {
			isa = XCBuildConfiguration;
			baseConfigurationReference = F4B26289410F712BE2A18524 /* Pods-DemoApp.release.xcconfig */;
			buildSettings = {
				ASSETCATALOG_COMPILER_APPICON_NAME = AppIcon;
				ASSETCATALOG_COMPILER_GLOBAL_ACCENT_COLOR_NAME = AccentColor;
				CODE_SIGN_STYLE = Automatic;
				CURRENT_PROJECT_VERSION = 1;
				ENABLE_BITCODE = NO;
				GENERATE_INFOPLIST_FILE = YES;
				INFOPLIST_FILE = DemoApp/Info.plist;
				INFOPLIST_KEY_UIApplicationSupportsIndirectInputEvents = YES;
				INFOPLIST_KEY_UILaunchStoryboardName = LaunchScreen;
				INFOPLIST_KEY_UIMainStoryboardFile = Main;
				INFOPLIST_KEY_UISupportedInterfaceOrientations_iPad = "UIInterfaceOrientationPortrait UIInterfaceOrientationPortraitUpsideDown UIInterfaceOrientationLandscapeLeft UIInterfaceOrientationLandscapeRight";
				INFOPLIST_KEY_UISupportedInterfaceOrientations_iPhone = "UIInterfaceOrientationPortrait UIInterfaceOrientationLandscapeLeft UIInterfaceOrientationLandscapeRight";
				IPHONEOS_DEPLOYMENT_TARGET = 15.0;
				LD_RUNPATH_SEARCH_PATHS = (
					"$(inherited)",
					"@executable_path/Frameworks",
				);
				MARKETING_VERSION = 1.0;
				PRODUCT_BUNDLE_IDENTIFIER = com.enx.DemoApp.DemoApp;
				PRODUCT_NAME = "$(TARGET_NAME)";
				SWIFT_EMIT_LOC_STRINGS = YES;
				SWIFT_VERSION = 5.0;
				TARGETED_DEVICE_FAMILY = "1,2";
			};
			name = Release;
		};
/* End XCBuildConfiguration section */

/* Begin XCConfigurationList section */
		BD6D74992822900100ACE040 /* Build configuration list for PBXProject "DemoApp" */ = {
			isa = XCConfigurationList;
			buildConfigurations = (
				BD6D74B02822900400ACE040 /* Debug */,
				BD6D74B12822900400ACE040 /* Release */,
			);
			defaultConfigurationIsVisible = 0;
			defaultConfigurationName = Release;
		};
		BD6D74B22822900400ACE040 /* Build configuration list for PBXNativeTarget "DemoApp" */ = {
			isa = XCConfigurationList;
			buildConfigurations = (
				BD6D74B32822900400ACE040 /* Debug */,
				BD6D74B42822900400ACE040 /* Release */,
			);
			defaultConfigurationIsVisible = 0;
			defaultConfigurationName = Release;
		};
/* End XCConfigurationList section */

/* Begin XCRemoteSwiftPackageReference section */
		BDF715232E3B49C500C199DA /* XCRemoteSwiftPackageReference "Enx_UIKit_iOS" */ = {
			isa = XCRemoteSwiftPackageReference;
			repositoryURL = "https://github.com/EnableX/Enx_UIKit_iOS.git";
			requirement = {
				kind = upToNextMajorVersion;
				minimumVersion = 2.2.0;
			};
		};
/* End XCRemoteSwiftPackageReference section */

/* Begin XCSwiftPackageProductDependency section */
		BDF715242E3B49C500C199DA /* Enx_UIKit_iOS */ = {
			isa = XCSwiftPackageProductDependency;
			package = BDF715232E3B49C500C199DA /* XCRemoteSwiftPackageReference "Enx_UIKit_iOS" */;
			productName = Enx_UIKit_iOS;
		};
/* End XCSwiftPackageProductDependency section */
	};
	rootObject = BD6D74962822900100ACE040 /* Project object */;
}
